// !$*UTF8*$!
{
	archiveVersion = 1;
	classes = {
	};
	objectVersion = 46;
	objects = {

/* Begin PBXBuildFile section */
		EA4FFFB31AE2825700DEB9AA /* ProfileViewController.m in Sources */ = {isa = PBXBuildFile; fileRef = EA4FFFB21AE2825700DEB9AA /* ProfileViewController.m */; };
		EA5AEE121AE24E8100D6254E /* main.m in Sources */ = {isa = PBXBuildFile; fileRef = EA5AEE111AE24E8100D6254E /* main.m */; };
		EA5AEE151AE24E8100D6254E /* AppDelegate.m in Sources */ = {isa = PBXBuildFile; fileRef = EA5AEE141AE24E8100D6254E /* AppDelegate.m */; };
		EA5AEE181AE24E8100D6254E /* ViewController.m in Sources */ = {isa = PBXBuildFile; fileRef = EA5AEE171AE24E8100D6254E /* ViewController.m */; };
		EA5AEE1B1AE24E8100D6254E /* Main.storyboard in Resources */ = {isa = PBXBuildFile; fileRef = EA5AEE191AE24E8100D6254E /* Main.storyboard */; };
		EA5AEE1D1AE24E8100D6254E /* Images.xcassets in Resources */ = {isa = PBXBuildFile; fileRef = EA5AEE1C1AE24E8100D6254E /* Images.xcassets */; };
		EA5AEE201AE24E8100D6254E /* LaunchScreen.xib in Resources */ = {isa = PBXBuildFile; fileRef = EA5AEE1E1AE24E8100D6254E /* LaunchScreen.xib */; };
		EA5AEE2C1AE24E8100D6254E /* InstaPhotoTests.m in Sources */ = {isa = PBXBuildFile; fileRef = EA5AEE2B1AE24E8100D6254E /* InstaPhotoTests.m */; };
		EA5AEE391AE25A6C00D6254E /* FeedViewController.m in Sources */ = {isa = PBXBuildFile; fileRef = EA5AEE381AE25A6C00D6254E /* FeedViewController.m */; };
		EA5AEE3C1AE25BF300D6254E /* FavoritesViewController.m in Sources */ = {isa = PBXBuildFile; fileRef = EA5AEE3B1AE25BF300D6254E /* FavoritesViewController.m */; };
/* End PBXBuildFile section */

/* Begin PBXContainerItemProxy section */
		EA5AEE261AE24E8100D6254E /* PBXContainerItemProxy */ = {
			isa = PBXContainerItemProxy;
			containerPortal = EA5AEE041AE24E8100D6254E /* Project object */;
			proxyType = 1;
			remoteGlobalIDString = EA5AEE0B1AE24E8100D6254E;
			remoteInfo = InstaPhoto;
		};
/* End PBXContainerItemProxy section */

/* Begin PBXFileReference section */
		EA4FFFB11AE2825700DEB9AA /* ProfileViewController.h */ = {isa = PBXFileReference; fileEncoding = 4; lastKnownFileType = sourcecode.c.h; name = ProfileViewController.h; path = ../ProfileViewController.h; sourceTree = "<group>"; };
		EA4FFFB21AE2825700DEB9AA /* ProfileViewController.m */ = {isa = PBXFileReference; fileEncoding = 4; lastKnownFileType = sourcecode.c.objc; name = ProfileViewController.m; path = ../ProfileViewController.m; sourceTree = "<group>"; };
		EA5AEE0C1AE24E8100D6254E /* InstaPhoto.app */ = {isa = PBXFileReference; explicitFileType = wrapper.application; includeInIndex = 0; path = InstaPhoto.app; sourceTree = BUILT_PRODUCTS_DIR; };
		EA5AEE101AE24E8100D6254E /* Info.plist */ = {isa = PBXFileReference; lastKnownFileType = text.plist.xml; path = Info.plist; sourceTree = "<group>"; };
		EA5AEE111AE24E8100D6254E /* main.m */ = {isa = PBXFileReference; lastKnownFileType = sourcecode.c.objc; path = main.m; sourceTree = "<group>"; };
		EA5AEE131AE24E8100D6254E /* AppDelegate.h */ = {isa = PBXFileReference; lastKnownFileType = sourcecode.c.h; path = AppDelegate.h; sourceTree = "<group>"; };
		EA5AEE141AE24E8100D6254E /* AppDelegate.m */ = {isa = PBXFileReference; lastKnownFileType = sourcecode.c.objc; path = AppDelegate.m; sourceTree = "<group>"; };
		EA5AEE161AE24E8100D6254E /* ViewController.h */ = {isa = PBXFileReference; lastKnownFileType = sourcecode.c.h; path = ViewController.h; sourceTree = "<group>"; };
		EA5AEE171AE24E8100D6254E /* ViewController.m */ = {isa = PBXFileReference; lastKnownFileType = sourcecode.c.objc; path = ViewController.m; sourceTree = "<group>"; };
		EA5AEE1A1AE24E8100D6254E /* Base */ = {isa = PBXFileReference; lastKnownFileType = file.storyboard; name = Base; path = Base.lproj/Main.storyboard; sourceTree = "<group>"; };
		EA5AEE1C1AE24E8100D6254E /* Images.xcassets */ = {isa = PBXFileReference; lastKnownFileType = folder.assetcatalog; path = Images.xcassets; sourceTree = "<group>"; };
		EA5AEE1F1AE24E8100D6254E /* Base */ = {isa = PBXFileReference; lastKnownFileType = file.xib; name = Base; path = Base.lproj/LaunchScreen.xib; sourceTree = "<group>"; };
		EA5AEE251AE24E8100D6254E /* InstaPhotoTests.xctest */ = {isa = PBXFileReference; explicitFileType = wrapper.cfbundle; includeInIndex = 0; path = InstaPhotoTests.xctest; sourceTree = BUILT_PRODUCTS_DIR; };
		EA5AEE2A1AE24E8100D6254E /* Info.plist */ = {isa = PBXFileReference; lastKnownFileType = text.plist.xml; path = Info.plist; sourceTree = "<group>"; };
		EA5AEE2B1AE24E8100D6254E /* InstaPhotoTests.m */ = {isa = PBXFileReference; lastKnownFileType = sourcecode.c.objc; path = InstaPhotoTests.m; sourceTree = "<group>"; };
		EA5AEE371AE25A6C00D6254E /* FeedViewController.h */ = {isa = PBXFileReference; fileEncoding = 4; lastKnownFileType = sourcecode.c.h; path = FeedViewController.h; sourceTree = "<group>"; };
		EA5AEE381AE25A6C00D6254E /* FeedViewController.m */ = {isa = PBXFileReference; fileEncoding = 4; lastKnownFileType = sourcecode.c.objc; path = FeedViewController.m; sourceTree = "<group>"; };
		EA5AEE3A1AE25BF300D6254E /* FavoritesViewController.h */ = {isa = PBXFileReference; fileEncoding = 4; lastKnownFileType = sourcecode.c.h; path = FavoritesViewController.h; sourceTree = "<group>"; };
		EA5AEE3B1AE25BF300D6254E /* FavoritesViewController.m */ = {isa = PBXFileReference; fileEncoding = 4; lastKnownFileType = sourcecode.c.objc; path = FavoritesViewController.m; sourceTree = "<group>"; };
/* End PBXFileReference section */

/* Begin PBXFrameworksBuildPhase section */
		EA5AEE091AE24E8100D6254E /* Frameworks */ = {
			isa = PBXFrameworksBuildPhase;
			buildActionMask = 2147483647;
			files = (
			);
			runOnlyForDeploymentPostprocessing = 0;
		};
		EA5AEE221AE24E8100D6254E /* Frameworks */ = {
			isa = PBXFrameworksBuildPhase;
			buildActionMask = 2147483647;
			files = (
			);
			runOnlyForDeploymentPostprocessing = 0;
		};
/* End PBXFrameworksBuildPhase section */

/* Begin PBXGroup section */
		EA5AEE031AE24E8100D6254E = {
			isa = PBXGroup;
			children = (
				EA5AEE0E1AE24E8100D6254E /* InstaPhoto */,
				EA5AEE281AE24E8100D6254E /* InstaPhotoTests */,
				EA5AEE0D1AE24E8100D6254E /* Products */,
			);
			sourceTree = "<group>";
		};
		EA5AEE0D1AE24E8100D6254E /* Products */ = {
			isa = PBXGroup;
			children = (
				EA5AEE0C1AE24E8100D6254E /* InstaPhoto.app */,
				EA5AEE251AE24E8100D6254E /* InstaPhotoTests.xctest */,
			);
			name = Products;
			sourceTree = "<group>";
		};
		EA5AEE0E1AE24E8100D6254E /* InstaPhoto */ = {
			isa = PBXGroup;
			children = (
				EA5AEE131AE24E8100D6254E /* AppDelegate.h */,
				EA5AEE141AE24E8100D6254E /* AppDelegate.m */,
				EA5AEE3A1AE25BF300D6254E /* FavoritesViewController.h */,
				EA5AEE3B1AE25BF300D6254E /* FavoritesViewController.m */,
				EA5AEE371AE25A6C00D6254E /* FeedViewController.h */,
				EA5AEE381AE25A6C00D6254E /* FeedViewController.m */,
				EA4FFFB11AE2825700DEB9AA /* ProfileViewController.h */,
				EA4FFFB21AE2825700DEB9AA /* ProfileViewController.m */,
				EA5AEE161AE24E8100D6254E /* ViewController.h */,
				EA5AEE171AE24E8100D6254E /* ViewController.m */,
				EA5AEE191AE24E8100D6254E /* Main.storyboard */,
				EA5AEE1C1AE24E8100D6254E /* Images.xcassets */,
				EA5AEE1E1AE24E8100D6254E /* LaunchScreen.xib */,
				EA5AEE0F1AE24E8100D6254E /* Supporting Files */,
			);
			path = InstaPhoto;
			sourceTree = "<group>";
		};
		EA5AEE0F1AE24E8100D6254E /* Supporting Files */ = {
			isa = PBXGroup;
			children = (
				EA5AEE101AE24E8100D6254E /* Info.plist */,
				EA5AEE111AE24E8100D6254E /* main.m */,
			);
			name = "Supporting Files";
			sourceTree = "<group>";
		};
		EA5AEE281AE24E8100D6254E /* InstaPhotoTests */ = {
			isa = PBXGroup;
			children = (
				EA5AEE2B1AE24E8100D6254E /* InstaPhotoTests.m */,
				EA5AEE291AE24E8100D6254E /* Supporting Files */,
			);
			path = InstaPhotoTests;
			sourceTree = "<group>";
		};
		EA5AEE291AE24E8100D6254E /* Supporting Files */ = {
			isa = PBXGroup;
			children = (
				EA5AEE2A1AE24E8100D6254E /* Info.plist */,
			);
			name = "Supporting Files";
			sourceTree = "<group>";
		};
/* End PBXGroup section */

/* Begin PBXNativeTarget section */
		EA5AEE0B1AE24E8100D6254E /* InstaPhoto */ = {
			isa = PBXNativeTarget;
			buildConfigurationList = EA5AEE2F1AE24E8100D6254E /* Build configuration list for PBXNativeTarget "InstaPhoto" */;
			buildPhases = (
				EA5AEE081AE24E8100D6254E /* Sources */,
				EA5AEE091AE24E8100D6254E /* Frameworks */,
				EA5AEE0A1AE24E8100D6254E /* Resources */,
			);
			buildRules = (
			);
			dependencies = (
			);
			name = InstaPhoto;
			productName = InstaPhoto;
			productReference = EA5AEE0C1AE24E8100D6254E /* InstaPhoto.app */;
			productType = "com.apple.product-type.application";
		};
		EA5AEE241AE24E8100D6254E /* InstaPhotoTests */ = {
			isa = PBXNativeTarget;
			buildConfigurationList = EA5AEE321AE24E8100D6254E /* Build configuration list for PBXNativeTarget "InstaPhotoTests" */;
			buildPhases = (
				EA5AEE211AE24E8100D6254E /* Sources */,
				EA5AEE221AE24E8100D6254E /* Frameworks */,
				EA5AEE231AE24E8100D6254E /* Resources */,
			);
			buildRules = (
			);
			dependencies = (
				EA5AEE271AE24E8100D6254E /* PBXTargetDependency */,
			);
			name = InstaPhotoTests;
			productName = InstaPhotoTests;
			productReference = EA5AEE251AE24E8100D6254E /* InstaPhotoTests.xctest */;
			productType = "com.apple.product-type.bundle.unit-test";
		};
/* End PBXNativeTarget section */

/* Begin PBXProject section */
		EA5AEE041AE24E8100D6254E /* Project object */ = {
			isa = PBXProject;
			attributes = {
				LastUpgradeCheck = 0630;
				ORGANIZATIONNAME = Marek;
				TargetAttributes = {
					EA5AEE0B1AE24E8100D6254E = {
						CreatedOnToolsVersion = 6.3;
					};
					EA5AEE241AE24E8100D6254E = {
						CreatedOnToolsVersion = 6.3;
						TestTargetID = EA5AEE0B1AE24E8100D6254E;
					};
				};
			};
			buildConfigurationList = EA5AEE071AE24E8100D6254E /* Build configuration list for PBXProject "InstaPhoto" */;
			compatibilityVersion = "Xcode 3.2";
			developmentRegion = English;
			hasScannedForEncodings = 0;
			knownRegions = (
				en,
				Base,
			);
			mainGroup = EA5AEE031AE24E8100D6254E;
			productRefGroup = EA5AEE0D1AE24E8100D6254E /* Products */;
			projectDirPath = "";
			projectRoot = "";
			targets = (
				EA5AEE0B1AE24E8100D6254E /* InstaPhoto */,
				EA5AEE241AE24E8100D6254E /* InstaPhotoTests */,
			);
		};
/* End PBXProject section */

/* Begin PBXResourcesBuildPhase section */
		EA5AEE0A1AE24E8100D6254E /* Resources */ = {
			isa = PBXResourcesBuildPhase;
			buildActionMask = 2147483647;
			files = (
				EA5AEE1B1AE24E8100D6254E /* Main.storyboard in Resources */,
				EA5AEE201AE24E8100D6254E /* LaunchScreen.xib in Resources */,
				EA5AEE1D1AE24E8100D6254E /* Images.xcassets in Resources */,
			);
			runOnlyForDeploymentPostprocessing = 0;
		};
		EA5AEE231AE24E8100D6254E /* Resources */ = {
			isa = PBXResourcesBuildPhase;
			buildActionMask = 2147483647;
			files = (
			);
			runOnlyForDeploymentPostprocessing = 0;
		};
/* End PBXResourcesBuildPhase section */

/* Begin PBXSourcesBuildPhase section */
		EA5AEE081AE24E8100D6254E /* Sources */ = {
			isa = PBXSourcesBuildPhase;
			buildActionMask = 2147483647;
			files = (
				EA5AEE3C1AE25BF300D6254E /* FavoritesViewController.m in Sources */,
				EA5AEE181AE24E8100D6254E /* ViewController.m in Sources */,
				EA5AEE151AE24E8100D6254E /* AppDelegate.m in Sources */,
				EA5AEE391AE25A6C00D6254E /* FeedViewController.m in Sources */,
				EA4FFFB31AE2825700DEB9AA /* ProfileViewController.m in Sources */,
				EA5AEE121AE24E8100D6254E /* main.m in Sources */,
			);
			runOnlyForDeploymentPostprocessing = 0;
		};
		EA5AEE211AE24E8100D6254E /* Sources */ = {
			isa = PBXSourcesBuildPhase;
			buildActionMask = 2147483647;
			files = (
				EA5AEE2C1AE24E8100D6254E /* InstaPhotoTests.m in Sources */,
			);
			runOnlyForDeploymentPostprocessing = 0;
		};
/* End PBXSourcesBuildPhase section */

/* Begin PBXTargetDependency section */
		EA5AEE271AE24E8100D6254E /* PBXTargetDependency */ = {
			isa = PBXTargetDependency;
			target = EA5AEE0B1AE24E8100D6254E /* InstaPhoto */;
			targetProxy = EA5AEE261AE24E8100D6254E /* PBXContainerItemProxy */;
		};
/* End PBXTargetDependency section */

/* Begin PBXVariantGroup section */
		EA5AEE191AE24E8100D6254E /* Main.storyboard */ = {
			isa = PBXVariantGroup;
			children = (
				EA5AEE1A1AE24E8100D6254E /* Base */,
			);
			name = Main.storyboard;
			sourceTree = "<group>";
		};
		EA5AEE1E1AE24E8100D6254E /* LaunchScreen.xib */ = {
			isa = PBXVariantGroup;
			children = (
				EA5AEE1F1AE24E8100D6254E /* Base */,
			);
			name = LaunchScreen.xib;
			sourceTree = "<group>";
		};
/* End PBXVariantGroup section */

/* Begin XCBuildConfiguration section */
		EA5AEE2D1AE24E8100D6254E /* Debug */ = {
			isa = XCBuildConfiguration;
			buildSettings = {
				ALWAYS_SEARCH_USER_PATHS = NO;
				CLANG_CXX_LANGUAGE_STANDARD = "gnu++0x";
				CLANG_CXX_LIBRARY = "libc++";
				CLANG_ENABLE_MODULES = YES;
				CLANG_ENABLE_OBJC_ARC = YES;
				CLANG_WARN_BOOL_CONVERSION = YES;
				CLANG_WARN_CONSTANT_CONVERSION = YES;
				CLANG_WARN_DIRECT_OBJC_ISA_USAGE = YES_ERROR;
				CLANG_WARN_EMPTY_BODY = YES;
				CLANG_WARN_ENUM_CONVERSION = YES;
				CLANG_WARN_INT_CONVERSION = YES;
				CLANG_WARN_OBJC_ROOT_CLASS = YES_ERROR;
				CLANG_WARN_UNREACHABLE_CODE = YES;
				CLANG_WARN__DUPLICATE_METHOD_MATCH = YES;
				"CODE_SIGN_IDENTITY[sdk=iphoneos*]" = "iPhone Developer";
				COPY_PHASE_STRIP = NO;
				DEBUG_INFORMATION_FORMAT = "dwarf-with-dsym";
				ENABLE_STRICT_OBJC_MSGSEND = YES;
				GCC_C_LANGUAGE_STANDARD = gnu99;
				GCC_DYNAMIC_NO_PIC = NO;
				GCC_NO_COMMON_BLOCKS = YES;
				GCC_OPTIMIZATION_LEVEL = 0;
				GCC_PREPROCESSOR_DEFINITIONS = (
					"DEBUG=1",
					"$(inherited)",
				);
				GCC_SYMBOLS_PRIVATE_EXTERN = NO;
				GCC_WARN_64_TO_32_BIT_CONVERSION = YES;
				GCC_WARN_ABOUT_RETURN_TYPE = YES_ERROR;
				GCC_WARN_UNDECLARED_SELECTOR = YES;
				GCC_WARN_UNINITIALIZED_AUTOS = YES_AGGRESSIVE;
				GCC_WARN_UNUSED_FUNCTION = YES;
				GCC_WARN_UNUSED_VARIABLE = YES;
				IPHONEOS_DEPLOYMENT_TARGET = 8.3;
				MTL_ENABLE_DEBUG_INFO = YES;
				ONLY_ACTIVE_ARCH = YES;
				SDKROOT = iphoneos;
			};
			name = Debug;
		};
		EA5AEE2E1AE24E8100D6254E /* Release */ = {
			isa = XCBuildConfiguration;
			buildSettings = {
				ALWAYS_SEARCH_USER_PATHS = NO;
				CLANG_CXX_LANGUAGE_STANDARD = "gnu++0x";
				CLANG_CXX_LIBRARY = "libc++";
				CLANG_ENABLE_MODULES = YES;
				CLANG_ENABLE_OBJC_ARC = YES;
				CLANG_WARN_BOOL_CONVERSION = YES;
				CLANG_WARN_CONSTANT_CONVERSION = YES;
				CLANG_WARN_DIRECT_OBJC_ISA_USAGE = YES_ERROR;
				CLANG_WARN_EMPTY_BODY = YES;
				CLANG_WARN_ENUM_CONVERSION = YES;
				CLANG_WARN_INT_CONVERSION = YES;
				CLANG_WARN_OBJC_ROOT_CLASS = YES_ERROR;
				CLANG_WARN_UNREACHABLE_CODE = YES;
				CLANG_WARN__DUPLICATE_METHOD_MATCH = YES;
				"CODE_SIGN_IDENTITY[sdk=iphoneos*]" = "iPhone Developer";
				COPY_PHASE_STRIP = NO;
				DEBUG_INFORMATION_FORMAT = "dwarf-with-dsym";
				ENABLE_NS_ASSERTIONS = NO;
				ENABLE_STRICT_OBJC_MSGSEND = YES;
				GCC_C_LANGUAGE_STANDARD = gnu99;
				GCC_NO_COMMON_BLOCKS = YES;
				GCC_WARN_64_TO_32_BIT_CONVERSION = YES;
				GCC_WARN_ABOUT_RETURN_TYPE = YES_ERROR;
				GCC_WARN_UNDECLARED_SELECTOR = YES;
				GCC_WARN_UNINITIALIZED_AUTOS = YES_AGGRESSIVE;
				GCC_WARN_UNUSED_FUNCTION = YES;
				GCC_WARN_UNUSED_VARIABLE = YES;
				IPHONEOS_DEPLOYMENT_TARGET = 8.3;
				MTL_ENABLE_DEBUG_INFO = NO;
				SDKROOT = iphoneos;
				VALIDATE_PRODUCT = YES;
			};
			name = Release;
		};
		EA5AEE301AE24E8100D6254E /* Debug */ = {
			isa = XCBuildConfiguration;
			buildSettings = {
				ASSETCATALOG_COMPILER_APPICON_NAME = AppIcon;
				INFOPLIST_FILE = InstaPhoto/Info.plist;
				LD_RUNPATH_SEARCH_PATHS = "$(inherited) @executable_path/Frameworks";
				PRODUCT_NAME = "$(TARGET_NAME)";
			};
			name = Debug;
		};
		EA5AEE311AE24E8100D6254E /* Release */ = {
			isa = XCBuildConfiguration;
			buildSettings = {
				ASSETCATALOG_COMPILER_APPICON_NAME = AppIcon;
				INFOPLIST_FILE = InstaPhoto/Info.plist;
				LD_RUNPATH_SEARCH_PATHS = "$(inherited) @executable_path/Frameworks";
				PRODUCT_NAME = "$(TARGET_NAME)";
			};
			name = Release;
		};
		EA5AEE331AE24E8100D6254E /* Debug */ = {
			isa = XCBuildConfiguration;
			buildSettings = {
				BUNDLE_LOADER = "$(TEST_HOST)";
				FRAMEWORK_SEARCH_PATHS = (
					"$(SDKROOT)/Developer/Library/Frameworks",
					"$(inherited)",
				);
				GCC_PREPROCESSOR_DEFINITIONS = (
					"DEBUG=1",
					"$(inherited)",
				);
				INFOPLIST_FILE = InstaPhotoTests/Info.plist;
				LD_RUNPATH_SEARCH_PATHS = "$(inherited) @executable_path/Frameworks @loader_path/Frameworks";
				PRODUCT_NAME = "$(TARGET_NAME)";
				TEST_HOST = "$(BUILT_PRODUCTS_DIR)/InstaPhoto.app/InstaPhoto";
			};
			name = Debug;
		};
		EA5AEE341AE24E8100D6254E /* Release */ = {
			isa = XCBuildConfiguration;
			buildSettings = {
				BUNDLE_LOADER = "$(TEST_HOST)";
				FRAMEWORK_SEARCH_PATHS = (
					"$(SDKROOT)/Developer/Library/Frameworks",
					"$(inherited)",
				);
				INFOPLIST_FILE = InstaPhotoTests/Info.plist;
				LD_RUNPATH_SEARCH_PATHS = "$(inherited) @executable_path/Frameworks @loader_path/Frameworks";
				PRODUCT_NAME = "$(TARGET_NAME)";
				TEST_HOST = "$(BUILT_PRODUCTS_DIR)/InstaPhoto.app/InstaPhoto";
			};
			name = Release;
		};
/* End XCBuildConfiguration section */

/* Begin XCConfigurationList section */
		EA5AEE071AE24E8100D6254E /* Build configuration list for PBXProject "InstaPhoto" */ = {
			isa = XCConfigurationList;
			buildConfigurations = (
				EA5AEE2D1AE24E8100D6254E /* Debug */,
				EA5AEE2E1AE24E8100D6254E /* Release */,
			);
			defaultConfigurationIsVisible = 0;
			defaultConfigurationName = Release;
		};
		EA5AEE2F1AE24E8100D6254E /* Build configuration list for PBXNativeTarget "InstaPhoto" */ = {
			isa = XCConfigurationList;
			buildConfigurations = (
				EA5AEE301AE24E8100D6254E /* Debug */,
				EA5AEE311AE24E8100D6254E /* Release */,
			);
			defaultConfigurationIsVisible = 0;
			defaultConfigurationName = Release;
		};
		EA5AEE321AE24E8100D6254E /* Build configuration list for PBXNativeTarget "InstaPhotoTests" */ = {
			isa = XCConfigurationList;
			buildConfigurations = (
				EA5AEE331AE24E8100D6254E /* Debug */,
				EA5AEE341AE24E8100D6254E /* Release */,
			);
			defaultConfigurationIsVisible = 0;
			defaultConfigurationName = Release;
		};
/* End XCConfigurationList section */
	};
	rootObject = EA5AEE041AE24E8100D6254E /* Project object */;
}
